<?xml version="1.0" encoding="utf-8"?>
<Project ToolsVersion="4.0" xmlns="http://schemas.microsoft.com/developer/msbuild/2003">
  <ItemGroup>
    <Filter Include="Source Files">
      <UniqueIdentifier>{4FC737F1-C7A5-4376-A066-2A32D752A2FF}</UniqueIdentifier>
      <Extensions>cpp;c;cc;cxx;def;odl;idl;hpj;bat;asm;asmx</Extensions>
    </Filter>
    <Filter Include="Header Files">
      <UniqueIdentifier>{93995380-89BD-4b04-88EB-625FBE52EBFB}</UniqueIdentifier>
      <Extensions>h;hh;hpp;hxx;hm;inl;inc;ipp;xsd</Extensions>
    </Filter>
    <Filter Include="Resource Files">
      <UniqueIdentifier>{67DA6AB6-F800-4c08-8B7A-83BB121AAD01}</UniqueIdentifier>
      <Extensions>rc;ico;cur;bmp;dlg;rc2;rct;bin;rgs;gif;jpg;jpeg;jpe;resx;tiff;tif;png;wav;mfcribbon-ms</Extensions>
    </Filter>
    <Filter Include="Source Files\Shaders">
      <UniqueIdentifier>{2f63e1d7-c6bc-4f13-965c-de5e05e46d34}</UniqueIdentifier>
    </Filter>
    <Filter Include="Libraries">
      <UniqueIdentifier>{c0d479f3-32e8-4155-b5f5-1f40bdf48cfb}</UniqueIdentifier>
    </Filter>
    <Filter Include="Libraries\ImGui">
      <UniqueIdentifier>{74240d4d-344a-4e36-849c-e788022d46ef}</UniqueIdentifier>
    </Filter>
  </ItemGroup>
  <ItemGroup>
    <ClCompile Include="libs\imgui\imgui.cpp">
      <Filter>Libraries\ImGui</Filter>
    </ClCompile>
    <ClCompile Include="libs\imgui\imgui_demo.cpp">
      <Filter>Libraries\ImGui</Filter>
    </ClCompile>
    <ClCompile Include="libs\imgui\imgui_draw.cpp">
      <Filter>Libraries\ImGui</Filter>
    </ClCompile>
    <ClCompile Include="libs\imgui\imgui_tables.cpp">
      <Filter>Libraries\ImGui</Filter>
    </ClCompile>
    <ClCompile Include="libs\imgui\imgui_widgets.cpp">
      <Filter>Libraries\ImGui</Filter>
    </ClCompile>
    <ClCompile Include="libs\imgui\imgui_impl_glfw.cpp">
      <Filter>Libraries\ImGui</Filter>
    </ClCompile>
    <ClCompile Include="libs\imgui\imgui_impl_vulkan.cpp">
      <Filter>Libraries\ImGui</Filter>
    </ClCompile>
    <ClCompile Include="src\hello_triangle.cpp">
      <Filter>Source Files</Filter>
    </ClCompile>
    <ClCompile Include="src\imgui_manager.cpp">
      <Filter>Source Files</Filter>
    </ClCompile>
    <ClCompile Include="src\main.cpp">
      <Filter>Source Files</Filter>
    </ClCompile>
    <ClCompile Include="src\vulkan_manager.cpp">
      <Filter>Source Files</Filter>
    </ClCompile>
    <ClCompile Include="src\sample_model.cpp">
      <Filter>Source Files</Filter>
    </ClCompile>
  </ItemGroup>
  <ItemGroup>
    <ClInclude Include="libs\imgui\imconfig.h">
      <Filter>Libraries\ImGui</Filter>
    </ClInclude>
    <ClInclude Include="libs\imgui\imgui.h">
      <Filter>Libraries\ImGui</Filter>
    </ClInclude>
    <ClInclude Include="libs\imgui\imgui_internal.h">
      <Filter>Libraries\ImGui</Filter>
    </ClInclude>
    <ClInclude Include="libs\imgui\imstb_rectpack.h">
      <Filter>Libraries\ImGui</Filter>
    </ClInclude>
    <ClInclude Include="libs\imgui\imstb_textedit.h">
      <Filter>Libraries\ImGui</Filter>
    </ClInclude>
    <ClInclude Include="libs\imgui\imstb_truetype.h">
      <Filter>Libraries\ImGui</Filter>
    </ClInclude>
    <ClInclude Include="libs\imgui\imgui_impl_glfw.h">
      <Filter>Libraries\ImGui</Filter>
    </ClInclude>
    <ClInclude Include="libs\imgui\imgui_impl_vulkan.h">
      <Filter>Libraries\ImGui</Filter>
    </ClInclude>
    <ClInclude Include="src\constants.h">
      <Filter>Header Files</Filter>
    </ClInclude>
    <ClInclude Include="src\debug_layer.h">
      <Filter>Header Files</Filter>
    </ClInclude>
    <ClInclude Include="src\hello_triangle.h">
      <Filter>Header Files</Filter>
    </ClInclude>
    <ClInclude Include="src\helpers.h">
      <Filter>Header Files</Filter>
    </ClInclude>
    <ClInclude Include="src\imgui_manager.h">
      <Filter>Header Files</Filter>
    </ClInclude>
    <ClInclude Include="src\vertex.h">
      <Filter>Header Files</Filter>
    </ClInclude>
    <ClInclude Include="src\vulkan_helper.h">
      <Filter>Header Files</Filter>
    </ClInclude>
    <ClInclude Include="src\vulkan_manager.h">
      <Filter>Header Files</Filter>
    </ClInclude>
    <ClInclude Include="src\vulkan_base.h">
      <Filter>Header Files</Filter>
    </ClInclude>
    <ClInclude Include="src\sample_model.h">
      <Filter>Header Files</Filter>
    </ClInclude>
    <ClInclude Include="src\texture.h">
      <Filter>Header Files</Filter>
    </ClInclude>
  </ItemGroup>
  <ItemGroup>
    <None Include="src\shaders\compile.bat">
      <Filter>Source Files\Shaders</Filter>
    </None>
    <None Include="src\shaders\fs.frag">
      <Filter>Source Files\Shaders</Filter>
    </None>
    <None Include="src\shaders\vs.vert">
      <Filter>Source Files\Shaders</Filter>
    </None>
  </ItemGroup>
</Project>